
Microsoft Visual Studio Solution File, Format Version 12.00
# Visual Studio Version 17
VisualStudioVersion = 17.3.32929.385
MinimumVisualStudioVersion = 10.0.40219.1
Project("{8BC9CEB8-8B4A-11D0-8D11-00A0C91BC942}") = "OOP-HW_2.9", "OOP-HW_2.9\OOP-HW_2.9.vcxproj", "{728343D3-E019-455F-9281-3927AC6714C8}"
EndProject
Global
	GlobalSection(SolutionConfigurationPlatforms) = preSolution
		Debug|x64 = Debug|x64
		Debug|x86 = Debug|x86
		Release|x64 = Release|x64
		Release|x86 = Release|x86
	EndGlobalSection
	GlobalSection(ProjectConfigurationPlatforms) = postSolution
		{728343D3-E019-455F-9281-3927AC6714C8}.Debug|x64.ActiveCfg = Debug|x64
		{728343D3-E019-455F-9281-3927AC6714C8}.Debug|x64.Build.0 = Debug|x64
		{728343D3-E019-455F-9281-3927AC6714C8}.Debug|x86.ActiveCfg = Debug|Win32
		{728343D3-E019-455F-9281-3927AC6714C8}.Debug|x86.Build.0 = Debug|Win32
		{728343D3-E019-455F-9281-3927AC6714C8}.Release|x64.ActiveCfg = Release|x64
		{728343D3-E019-455F-9281-3927AC6714C8}.Release|x64.Build.0 = Release|x64
		{728343D3-E019-455F-9281-3927AC6714C8}.Release|x86.ActiveCfg = Release|Win32
		{728343D3-E019-455F-9281-3927AC6714C8}.Release|x86.Build.0 = Release|Win32
	EndGlobalSection
	GlobalSection(SolutionProperties) = preSolution
		HideSolutionNode = FALSE
	EndGlobalSection
	GlobalSection(ExtensibilityGlobals) = postSolution
		SolutionGuid = {D21996FA-210D-42D8-9BDC-88A295CF11F5}
	EndGlobalSection
EndGlobal
